{
  "name": "timechimp-billabilty-extension",
  "lockfileVersion": 3,
  "requires": true,
  "packages": {
    "": {
      "dependencies": {
        "highcharts": "^11.1.0",
        "moment": "^2.29.4"
      }
    },
    "node_modules/highcharts": {
      "version": "11.1.0",
      "resolved": "https://registry.npmjs.org/highcharts/-/highcharts-11.1.0.tgz",
      "integrity": "sha512-vhmqq6/frteWMx0GKYWwEFL25g4OYc7+m+9KQJb/notXbNtIb8KVy+ijOF7XAFqF165cq0pdLIePAmyFY5ph3g=="
    },
    "node_modules/moment": {
      "version": "2.29.4",
      "resolved": "https://registry.npmjs.org/moment/-/moment-2.29.4.tgz",
      "integrity": "sha512-5LC9SOxjSc2HF6vO2CyuTDNivEdoz2IvyJJGj6X8DJ0eFyfszE0QiEd+iXmBvUP3WHxSjFH/vIsA0EN00cgr8w==",
      "engines": {
        "node": "*"
      }
    }
  }
}
